// !$*UTF8*$!
{
	archiveVersion = 1;
	classes = {
	};
	objectVersion = 46;
	objects = {

/* Begin PBXBuildFile section */
		B0AC1B651F0CE34000CB4CD9 /* AppDelegate.swift in Sources */ = {isa = PBXBuildFile; fileRef = B0AC1B641F0CE34000CB4CD9 /* AppDelegate.swift */; };
		B0AC1B671F0CE34000CB4CD9 /* ViewController.swift in Sources */ = {isa = PBXBuildFile; fileRef = B0AC1B661F0CE34000CB4CD9 /* ViewController.swift */; };
		B0AC1B6A1F0CE34000CB4CD9 /* Main.storyboard in Resources */ = {isa = PBXBuildFile; fileRef = B0AC1B681F0CE34000CB4CD9 /* Main.storyboard */; };
		B0AC1B6C1F0CE34000CB4CD9 /* Assets.xcassets in Resources */ = {isa = PBXBuildFile; fileRef = B0AC1B6B1F0CE34000CB4CD9 /* Assets.xcassets */; };
		B0AC1B6F1F0CE34000CB4CD9 /* LaunchScreen.storyboard in Resources */ = {isa = PBXBuildFile; fileRef = B0AC1B6D1F0CE34000CB4CD9 /* LaunchScreen.storyboard */; };
		B0AC1B7A1F0CE38300CB4CD9 /* CocoaAsyncSocket.framework in Frameworks */ = {isa = PBXBuildFile; fileRef = B0AC1B761F0CE38300CB4CD9 /* CocoaAsyncSocket.framework */; };
		B0AC1B7B1F0CE38300CB4CD9 /* CocoaAsyncSocket.framework in Embed Frameworks */ = {isa = PBXBuildFile; fileRef = B0AC1B761F0CE38300CB4CD9 /* CocoaAsyncSocket.framework */; settings = {ATTRIBUTES = (CodeSignOnCopy, RemoveHeadersOnCopy, ); }; };
		B0AC1B7C1F0CE38300CB4CD9 /* CocoaMQTT.framework in Frameworks */ = {isa = PBXBuildFile; fileRef = B0AC1B771F0CE38300CB4CD9 /* CocoaMQTT.framework */; };
		B0AC1B7D1F0CE38300CB4CD9 /* CocoaMQTT.framework in Embed Frameworks */ = {isa = PBXBuildFile; fileRef = B0AC1B771F0CE38300CB4CD9 /* CocoaMQTT.framework */; settings = {ATTRIBUTES = (CodeSignOnCopy, RemoveHeadersOnCopy, ); }; };
		B0AC1B7E1F0CE38300CB4CD9 /* oneM2M.framework in Frameworks */ = {isa = PBXBuildFile; fileRef = B0AC1B781F0CE38300CB4CD9 /* oneM2M.framework */; };
		B0AC1B7F1F0CE38300CB4CD9 /* oneM2M.framework in Embed Frameworks */ = {isa = PBXBuildFile; fileRef = B0AC1B781F0CE38300CB4CD9 /* oneM2M.framework */; settings = {ATTRIBUTES = (CodeSignOnCopy, RemoveHeadersOnCopy, ); }; };
		B0AC1B801F0CE38300CB4CD9 /* SwiftyTimer.framework in Frameworks */ = {isa = PBXBuildFile; fileRef = B0AC1B791F0CE38300CB4CD9 /* SwiftyTimer.framework */; };
		B0AC1B811F0CE38300CB4CD9 /* SwiftyTimer.framework in Embed Frameworks */ = {isa = PBXBuildFile; fileRef = B0AC1B791F0CE38300CB4CD9 /* SwiftyTimer.framework */; settings = {ATTRIBUTES = (CodeSignOnCopy, RemoveHeadersOnCopy, ); }; };
		B0AC1B841F0CE39A00CB4CD9 /* Configuration.swift in Sources */ = {isa = PBXBuildFile; fileRef = B0AC1B831F0CE39A00CB4CD9 /* Configuration.swift */; };
/* End PBXBuildFile section */

/* Begin PBXCopyFilesBuildPhase section */
		B0AC1B821F0CE38300CB4CD9 /* Embed Frameworks */ = {
			isa = PBXCopyFilesBuildPhase;
			buildActionMask = 2147483647;
			dstPath = "";
			dstSubfolderSpec = 10;
			files = (
				B0AC1B811F0CE38300CB4CD9 /* SwiftyTimer.framework in Embed Frameworks */,
				B0AC1B7D1F0CE38300CB4CD9 /* CocoaMQTT.framework in Embed Frameworks */,
				B0AC1B7F1F0CE38300CB4CD9 /* oneM2M.framework in Embed Frameworks */,
				B0AC1B7B1F0CE38300CB4CD9 /* CocoaAsyncSocket.framework in Embed Frameworks */,
			);
			name = "Embed Frameworks";
			runOnlyForDeploymentPostprocessing = 0;
		};
/* End PBXCopyFilesBuildPhase section */

/* Begin PBXFileReference section */
		B0AC1B611F0CE34000CB4CD9 /* SDKVerification.app */ = {isa = PBXFileReference; explicitFileType = wrapper.application; includeInIndex = 0; path = SDKVerification.app; sourceTree = BUILT_PRODUCTS_DIR; };
		B0AC1B641F0CE34000CB4CD9 /* AppDelegate.swift */ = {isa = PBXFileReference; lastKnownFileType = sourcecode.swift; path = AppDelegate.swift; sourceTree = "<group>"; };
		B0AC1B661F0CE34000CB4CD9 /* ViewController.swift */ = {isa = PBXFileReference; lastKnownFileType = sourcecode.swift; path = ViewController.swift; sourceTree = "<group>"; };
		B0AC1B691F0CE34000CB4CD9 /* Base */ = {isa = PBXFileReference; lastKnownFileType = file.storyboard; name = Base; path = Base.lproj/Main.storyboard; sourceTree = "<group>"; };
		B0AC1B6B1F0CE34000CB4CD9 /* Assets.xcassets */ = {isa = PBXFileReference; lastKnownFileType = folder.assetcatalog; path = Assets.xcassets; sourceTree = "<group>"; };
		B0AC1B6E1F0CE34000CB4CD9 /* Base */ = {isa = PBXFileReference; lastKnownFileType = file.storyboard; name = Base; path = Base.lproj/LaunchScreen.storyboard; sourceTree = "<group>"; };
		B0AC1B701F0CE34000CB4CD9 /* Info.plist */ = {isa = PBXFileReference; lastKnownFileType = text.plist.xml; path = Info.plist; sourceTree = "<group>"; };
		B0AC1B761F0CE38300CB4CD9 /* CocoaAsyncSocket.framework */ = {isa = PBXFileReference; lastKnownFileType = wrapper.framework; path = CocoaAsyncSocket.framework; sourceTree = "<group>"; };
		B0AC1B771F0CE38300CB4CD9 /* CocoaMQTT.framework */ = {isa = PBXFileReference; lastKnownFileType = wrapper.framework; path = CocoaMQTT.framework; sourceTree = "<group>"; };
		B0AC1B781F0CE38300CB4CD9 /* oneM2M.framework */ = {isa = PBXFileReference; lastKnownFileType = wrapper.framework; path = oneM2M.framework; sourceTree = "<group>"; };
		B0AC1B791F0CE38300CB4CD9 /* SwiftyTimer.framework */ = {isa = PBXFileReference; lastKnownFileType = wrapper.framework; path = SwiftyTimer.framework; sourceTree = "<group>"; };
		B0AC1B831F0CE39A00CB4CD9 /* Configuration.swift */ = {isa = PBXFileReference; fileEncoding = 4; lastKnownFileType = sourcecode.swift; path = Configuration.swift; sourceTree = "<group>"; };
/* End PBXFileReference section */

/* Begin PBXFrameworksBuildPhase section */
		B0AC1B5E1F0CE34000CB4CD9 /* Frameworks */ = {
			isa = PBXFrameworksBuildPhase;
			buildActionMask = 2147483647;
			files = (
				B0AC1B801F0CE38300CB4CD9 /* SwiftyTimer.framework in Frameworks */,
				B0AC1B7C1F0CE38300CB4CD9 /* CocoaMQTT.framework in Frameworks */,
				B0AC1B7E1F0CE38300CB4CD9 /* oneM2M.framework in Frameworks */,
				B0AC1B7A1F0CE38300CB4CD9 /* CocoaAsyncSocket.framework in Frameworks */,
			);
			runOnlyForDeploymentPostprocessing = 0;
		};
/* End PBXFrameworksBuildPhase section */

/* Begin PBXGroup section */
		B0AC1B581F0CE34000CB4CD9 = {
			isa = PBXGroup;
			children = (
				B0AC1B761F0CE38300CB4CD9 /* CocoaAsyncSocket.framework */,
				B0AC1B771F0CE38300CB4CD9 /* CocoaMQTT.framework */,
				B0AC1B781F0CE38300CB4CD9 /* oneM2M.framework */,
				B0AC1B791F0CE38300CB4CD9 /* SwiftyTimer.framework */,
				B0AC1B631F0CE34000CB4CD9 /* SDKVerification */,
				B0AC1B621F0CE34000CB4CD9 /* Products */,
			);
			sourceTree = "<group>";
		};
		B0AC1B621F0CE34000CB4CD9 /* Products */ = {
			isa = PBXGroup;
			children = (
				B0AC1B611F0CE34000CB4CD9 /* SDKVerification.app */,
			);
			name = Products;
			sourceTree = "<group>";
		};
		B0AC1B631F0CE34000CB4CD9 /* SDKVerification */ = {
			isa = PBXGroup;
			children = (
				B0AC1B831F0CE39A00CB4CD9 /* Configuration.swift */,
				B0AC1B641F0CE34000CB4CD9 /* AppDelegate.swift */,
				B0AC1B661F0CE34000CB4CD9 /* ViewController.swift */,
				B0AC1B681F0CE34000CB4CD9 /* Main.storyboard */,
				B0AC1B6B1F0CE34000CB4CD9 /* Assets.xcassets */,
				B0AC1B6D1F0CE34000CB4CD9 /* LaunchScreen.storyboard */,
				B0AC1B701F0CE34000CB4CD9 /* Info.plist */,
			);
			path = SDKVerification;
			sourceTree = "<group>";
		};
/* End PBXGroup section */

/* Begin PBXNativeTarget section */
		B0AC1B601F0CE34000CB4CD9 /* SDKVerification */ = {
			isa = PBXNativeTarget;
			buildConfigurationList = B0AC1B731F0CE34000CB4CD9 /* Build configuration list for PBXNativeTarget "SDKVerification" */;
			buildPhases = (
				B0AC1B5D1F0CE34000CB4CD9 /* Sources */,
				B0AC1B5E1F0CE34000CB4CD9 /* Frameworks */,
				B0AC1B5F1F0CE34000CB4CD9 /* Resources */,
				B0AC1B821F0CE38300CB4CD9 /* Embed Frameworks */,
			);
			buildRules = (
			);
			dependencies = (
			);
			name = SDKVerification;
			productName = SDKVerification;
			productReference = B0AC1B611F0CE34000CB4CD9 /* SDKVerification.app */;
			productType = "com.apple.product-type.application";
		};
/* End PBXNativeTarget section */

/* Begin PBXProject section */
		B0AC1B591F0CE34000CB4CD9 /* Project object */ = {
			isa = PBXProject;
			attributes = {
				LastSwiftUpdateCheck = 0830;
				LastUpgradeCheck = 0830;
				ORGANIZATIONNAME = "SK Telecom";
				TargetAttributes = {
					B0AC1B601F0CE34000CB4CD9 = {
						CreatedOnToolsVersion = 8.3.3;
						DevelopmentTeam = NDV5MYSRY9;
						ProvisioningStyle = Automatic;
					};
				};
			};
			buildConfigurationList = B0AC1B5C1F0CE34000CB4CD9 /* Build configuration list for PBXProject "SDKVerification" */;
			compatibilityVersion = "Xcode 3.2";
			developmentRegion = English;
			hasScannedForEncodings = 0;
			knownRegions = (
				en,
				Base,
			);
			mainGroup = B0AC1B581F0CE34000CB4CD9;
			productRefGroup = B0AC1B621F0CE34000CB4CD9 /* Products */;
			projectDirPath = "";
			projectRoot = "";
			targets = (
				B0AC1B601F0CE34000CB4CD9 /* SDKVerification */,
			);
		};
/* End PBXProject section */

/* Begin PBXResourcesBuildPhase section */
		B0AC1B5F1F0CE34000CB4CD9 /* Resources */ = {
			isa = PBXResourcesBuildPhase;
			buildActionMask = 2147483647;
			files = (
				B0AC1B6F1F0CE34000CB4CD9 /* LaunchScreen.storyboard in Resources */,
				B0AC1B6C1F0CE34000CB4CD9 /* Assets.xcassets in Resources */,
				B0AC1B6A1F0CE34000CB4CD9 /* Main.storyboard in Resources */,
			);
			runOnlyForDeploymentPostprocessing = 0;
		};
/* End PBXResourcesBuildPhase section */

/* Begin PBXSourcesBuildPhase section */
		B0AC1B5D1F0CE34000CB4CD9 /* Sources */ = {
			isa = PBXSourcesBuildPhase;
			buildActionMask = 2147483647;
			files = (
				B0AC1B841F0CE39A00CB4CD9 /* Configuration.swift in Sources */,
				B0AC1B671F0CE34000CB4CD9 /* ViewController.swift in Sources */,
				B0AC1B651F0CE34000CB4CD9 /* AppDelegate.swift in Sources */,
			);
			runOnlyForDeploymentPostprocessing = 0;
		};
/* End PBXSourcesBuildPhase section */

/* Begin PBXVariantGroup section */
		B0AC1B681F0CE34000CB4CD9 /* Main.storyboard */ = {
			isa = PBXVariantGroup;
			children = (
				B0AC1B691F0CE34000CB4CD9 /* Base */,
			);
			name = Main.storyboard;
			sourceTree = "<group>";
		};
		B0AC1B6D1F0CE34000CB4CD9 /* LaunchScreen.storyboard */ = {
			isa = PBXVariantGroup;
			children = (
				B0AC1B6E1F0CE34000CB4CD9 /* Base */,
			);
			name = LaunchScreen.storyboard;
			sourceTree = "<group>";
		};
/* End PBXVariantGroup section */

/* Begin XCBuildConfiguration section */
		B0AC1B711F0CE34000CB4CD9 /* Debug */ = {
			isa = XCBuildConfiguration;
			buildSettings = {
				ALWAYS_SEARCH_USER_PATHS = NO;
				CLANG_ANALYZER_NONNULL = YES;
				CLANG_ANALYZER_NUMBER_OBJECT_CONVERSION = YES_AGGRESSIVE;
				CLANG_CXX_LANGUAGE_STANDARD = "gnu++0x";
				CLANG_CXX_LIBRARY = "libc++";
				CLANG_ENABLE_MODULES = YES;
				CLANG_ENABLE_OBJC_ARC = YES;
				CLANG_WARN_BOOL_CONVERSION = YES;
				CLANG_WARN_CONSTANT_CONVERSION = YES;
				CLANG_WARN_DIRECT_OBJC_ISA_USAGE = YES_ERROR;
				CLANG_WARN_DOCUMENTATION_COMMENTS = YES;
				CLANG_WARN_EMPTY_BODY = YES;
				CLANG_WARN_ENUM_CONVERSION = YES;
				CLANG_WARN_INFINITE_RECURSION = YES;
				CLANG_WARN_INT_CONVERSION = YES;
				CLANG_WARN_OBJC_ROOT_CLASS = YES_ERROR;
				CLANG_WARN_SUSPICIOUS_MOVE = YES;
				CLANG_WARN_UNREACHABLE_CODE = YES;
				CLANG_WARN__DUPLICATE_METHOD_MATCH = YES;
				"CODE_SIGN_IDENTITY[sdk=iphoneos*]" = "iPhone Developer";
				COPY_PHASE_STRIP = NO;
				DEBUG_INFORMATION_FORMAT = dwarf;
				ENABLE_STRICT_OBJC_MSGSEND = YES;
				ENABLE_TESTABILITY = YES;
				GCC_C_LANGUAGE_STANDARD = gnu99;
				GCC_DYNAMIC_NO_PIC = NO;
				GCC_NO_COMMON_BLOCKS = YES;
				GCC_OPTIMIZATION_LEVEL = 0;
				GCC_PREPROCESSOR_DEFINITIONS = (
					"DEBUG=1",
					"$(inherited)",
				);
				GCC_WARN_64_TO_32_BIT_CONVERSION = YES;
				GCC_WARN_ABOUT_RETURN_TYPE = YES_ERROR;
				GCC_WARN_UNDECLARED_SELECTOR = YES;
				GCC_WARN_UNINITIALIZED_AUTOS = YES_AGGRESSIVE;
				GCC_WARN_UNUSED_FUNCTION = YES;
				GCC_WARN_UNUSED_VARIABLE = YES;
				IPHONEOS_DEPLOYMENT_TARGET = 10.3;
				MTL_ENABLE_DEBUG_INFO = YES;
				ONLY_ACTIVE_ARCH = YES;
				SDKROOT = iphoneos;
				SWIFT_ACTIVE_COMPILATION_CONDITIONS = DEBUG;
				SWIFT_OPTIMIZATION_LEVEL = "-Onone";
				TARGETED_DEVICE_FAMILY = "1,2";
			};
			name = Debug;
		};
		B0AC1B721F0CE34000CB4CD9 /* Release */ = {
			isa = XCBuildConfiguration;
			buildSettings = {
				ALWAYS_SEARCH_USER_PATHS = NO;
				CLANG_ANALYZER_NONNULL = YES;
				CLANG_ANALYZER_NUMBER_OBJECT_CONVERSION = YES_AGGRESSIVE;
				CLANG_CXX_LANGUAGE_STANDARD = "gnu++0x";
				CLANG_CXX_LIBRARY = "libc++";
				CLANG_ENABLE_MODULES = YES;
				CLANG_ENABLE_OBJC_ARC = YES;
				CLANG_WARN_BOOL_CONVERSION = YES;
				CLANG_WARN_CONSTANT_CONVERSION = YES;
				CLANG_WARN_DIRECT_OBJC_ISA_USAGE = YES_ERROR;
				CLANG_WARN_DOCUMENTATION_COMMENTS = YES;
				CLANG_WARN_EMPTY_BODY = YES;
				CLANG_WARN_ENUM_CONVERSION = YES;
				CLANG_WARN_INFINITE_RECURSION = YES;
				CLANG_WARN_INT_CONVERSION = YES;
				CLANG_WARN_OBJC_ROOT_CLASS = YES_ERROR;
				CLANG_WARN_SUSPICIOUS_MOVE = YES;
				CLANG_WARN_UNREACHABLE_CODE = YES;
				CLANG_WARN__DUPLICATE_METHOD_MATCH = YES;
				"CODE_SIGN_IDENTITY[sdk=iphoneos*]" = "iPhone Developer";
				COPY_PHASE_STRIP = NO;
				DEBUG_INFORMATION_FORMAT = "dwarf-with-dsym";
				ENABLE_NS_ASSERTIONS = NO;
				ENABLE_STRICT_OBJC_MSGSEND = YES;
				GCC_C_LANGUAGE_STANDARD = gnu99;
				GCC_NO_COMMON_BLOCKS = YES;
				GCC_WARN_64_TO_32_BIT_CONVERSION = YES;
				GCC_WARN_ABOUT_RETURN_TYPE = YES_ERROR;
				GCC_WARN_UNDECLARED_SELECTOR = YES;
				GCC_WARN_UNINITIALIZED_AUTOS = YES_AGGRESSIVE;
				GCC_WARN_UNUSED_FUNCTION = YES;
				GCC_WARN_UNUSED_VARIABLE = YES;
				IPHONEOS_DEPLOYMENT_TARGET = 10.3;
				MTL_ENABLE_DEBUG_INFO = NO;
				SDKROOT = iphoneos;
				SWIFT_OPTIMIZATION_LEVEL = "-Owholemodule";
				TARGETED_DEVICE_FAMILY = "1,2";
				VALIDATE_PRODUCT = YES;
			};
			name = Release;
		};
		B0AC1B741F0CE34000CB4CD9 /* Debug */ = {
			isa = XCBuildConfiguration;
			buildSettings = {
				ASSETCATALOG_COMPILER_APPICON_NAME = AppIcon;
				"CODE_SIGN_IDENTITY[sdk=iphoneos*]" = "iPhone Developer";
				DEVELOPMENT_TEAM = NDV5MYSRY9;
				FRAMEWORK_SEARCH_PATHS = (
					"$(inherited)",
					"$(PROJECT_DIR)",
				);
				INFOPLIST_FILE = SDKVerification/Info.plist;
				IPHONEOS_DEPLOYMENT_TARGET = 8.0;
				LD_RUNPATH_SEARCH_PATHS = "$(inherited) @executable_path/Frameworks";
				PRODUCT_BUNDLE_IDENTIFIER = tp.skt.SDKVerificat;
				PRODUCT_NAME = "$(TARGET_NAME)";
				PROVISIONING_PROFILE_SPECIFIER = "";
				SWIFT_VERSION = 3.0;
			};
			name = Debug;
		};
		B0AC1B751F0CE34000CB4CD9 /* Release */ = {
			isa = XCBuildConfiguration;
			buildSettings = {
				ASSETCATALOG_COMPILER_APPICON_NAME = AppIcon;
				"CODE_SIGN_IDENTITY[sdk=iphoneos*]" = "iPhone Developer";
				DEVELOPMENT_TEAM = NDV5MYSRY9;
				FRAMEWORK_SEARCH_PATHS = (
					"$(inherited)",
					"$(PROJECT_DIR)",
				);
				INFOPLIST_FILE = SDKVerification/Info.plist;
				IPHONEOS_DEPLOYMENT_TARGET = 8.0;
				LD_RUNPATH_SEARCH_PATHS = "$(inherited) @executable_path/Frameworks";
				PRODUCT_BUNDLE_IDENTIFIER = tp.skt.SDKVerificat;
				PRODUCT_NAME = "$(TARGET_NAME)";
				PROVISIONING_PROFILE_SPECIFIER = "";
				SWIFT_VERSION = 3.0;
			};
			name = Release;
		};
/* End XCBuildConfiguration section */

/* Begin XCConfigurationList section */
		B0AC1B5C1F0CE34000CB4CD9 /* Build configuration list for PBXProject "SDKVerification" */ = {
			isa = XCConfigurationList;
			buildConfigurations = (
				B0AC1B711F0CE34000CB4CD9 /* Debug */,
				B0AC1B721F0CE34000CB4CD9 /* Release */,
			);
			defaultConfigurationIsVisible = 0;
			defaultConfigurationName = Release;
		};
		B0AC1B731F0CE34000CB4CD9 /* Build configuration list for PBXNativeTarget "SDKVerification" */ = {
			isa = XCConfigurationList;
			buildConfigurations = (
				B0AC1B741F0CE34000CB4CD9 /* Debug */,
				B0AC1B751F0CE34000CB4CD9 /* Release */,
			);
			defaultConfigurationIsVisible = 0;
			defaultConfigurationName = Release;
		};
/* End XCConfigurationList section */
	};
	rootObject = B0AC1B591F0CE34000CB4CD9 /* Project object */;
}
